
Microsoft Visual Studio Solution File, Format Version 12.00
# Visual Studio 15
VisualStudioVersion = 15.0.27703.2000
MinimumVisualStudioVersion = 10.0.40219.1
Project("{FAE04EC0-301F-11D3-BF4B-00C04F79EFBC}") = "foreach01", "foreach01\foreach01.csproj", "{ABFA636F-FB7F-4DF7-98B9-E38DA884B818}"
EndProject
Global
	GlobalSection(SolutionConfigurationPlatforms) = preSolution
		Debug|Any CPU = Debug|Any CPU
		Release|Any CPU = Release|Any CPU
	EndGlobalSection
	GlobalSection(ProjectConfigurationPlatforms) = postSolution
		{ABFA636F-FB7F-4DF7-98B9-E38DA884B818}.Debug|Any CPU.ActiveCfg = Debug|Any CPU
		{ABFA636F-FB7F-4DF7-98B9-E38DA884B818}.Debug|Any CPU.Build.0 = Debug|Any CPU
		{ABFA636F-FB7F-4DF7-98B9-E38DA884B818}.Release|Any CPU.ActiveCfg = Release|Any CPU
		{ABFA636F-FB7F-4DF7-98B9-E38DA884B818}.Release|Any CPU.Build.0 = Release|Any CPU
	EndGlobalSection
	GlobalSection(SolutionProperties) = preSolution
		HideSolutionNode = FALSE
	EndGlobalSection
	GlobalSection(ExtensibilityGlobals) = postSolution
		SolutionGuid = {594FD878-1542-4E5B-BDD7-FD14970ED26E}
	EndGlobalSection
EndGlobal
