
Microsoft Visual Studio Solution File, Format Version 12.00
# Visual Studio 15
VisualStudioVersion = 15.0.27703.2018
MinimumVisualStudioVersion = 10.0.40219.1
Project("{FAE04EC0-301F-11D3-BF4B-00C04F79EFBC}") = "ConsoleApp11", "ConsoleApp11\ConsoleApp11.csproj", "{F7E7F511-1A63-43C7-A17E-305861A84733}"
EndProject
Global
	GlobalSection(SolutionConfigurationPlatforms) = preSolution
		Debug|Any CPU = Debug|Any CPU
		Release|Any CPU = Release|Any CPU
	EndGlobalSection
	GlobalSection(ProjectConfigurationPlatforms) = postSolution
		{F7E7F511-1A63-43C7-A17E-305861A84733}.Debug|Any CPU.ActiveCfg = Debug|Any CPU
		{F7E7F511-1A63-43C7-A17E-305861A84733}.Debug|Any CPU.Build.0 = Debug|Any CPU
		{F7E7F511-1A63-43C7-A17E-305861A84733}.Release|Any CPU.ActiveCfg = Release|Any CPU
		{F7E7F511-1A63-43C7-A17E-305861A84733}.Release|Any CPU.Build.0 = Release|Any CPU
	EndGlobalSection
	GlobalSection(SolutionProperties) = preSolution
		HideSolutionNode = FALSE
	EndGlobalSection
	GlobalSection(ExtensibilityGlobals) = postSolution
		SolutionGuid = {E4EB33C7-1910-4E2A-8EA7-C97A20569518}
	EndGlobalSection
EndGlobal
